
Microsoft Visual Studio Solution File, Format Version 12.00
# Visual Studio Version 17
VisualStudioVersion = 17.3.32901.215
MinimumVisualStudioVersion = 10.0.40219.1
Project("{9A19103F-16F7-4668-BE54-9A1E7A4F7556}") = "FluentValidationTests", "FluentValidationTests\FluentValidationTests.csproj", "{D638CEB8-4F8B-4C5F-B6D1-2AFC4F6B72D5}"
EndProject
Project("{9A19103F-16F7-4668-BE54-9A1E7A4F7556}") = "FluentValidationExamples", "FluentValidationExamples\FluentValidationExamples.csproj", "{634EFDC2-B526-42CB-9A18-52241C79E958}"
EndProject
Global
	GlobalSection(SolutionConfigurationPlatforms) = preSolution
		Debug|Any CPU = Debug|Any CPU
		Release|Any CPU = Release|Any CPU
	EndGlobalSection
	GlobalSection(ProjectConfigurationPlatforms) = postSolution
		{D638CEB8-4F8B-4C5F-B6D1-2AFC4F6B72D5}.Debug|Any CPU.ActiveCfg = Debug|Any CPU
		{D638CEB8-4F8B-4C5F-B6D1-2AFC4F6B72D5}.Debug|Any CPU.Build.0 = Debug|Any CPU
		{D638CEB8-4F8B-4C5F-B6D1-2AFC4F6B72D5}.Release|Any CPU.ActiveCfg = Release|Any CPU
		{D638CEB8-4F8B-4C5F-B6D1-2AFC4F6B72D5}.Release|Any CPU.Build.0 = Release|Any CPU
		{634EFDC2-B526-42CB-9A18-52241C79E958}.Debug|Any CPU.ActiveCfg = Debug|Any CPU
		{634EFDC2-B526-42CB-9A18-52241C79E958}.Debug|Any CPU.Build.0 = Debug|Any CPU
		{634EFDC2-B526-42CB-9A18-52241C79E958}.Release|Any CPU.ActiveCfg = Release|Any CPU
		{634EFDC2-B526-42CB-9A18-52241C79E958}.Release|Any CPU.Build.0 = Release|Any CPU
	EndGlobalSection
	GlobalSection(SolutionProperties) = preSolution
		HideSolutionNode = FALSE
	EndGlobalSection
	GlobalSection(ExtensibilityGlobals) = postSolution
		SolutionGuid = {C7AA426F-9FD6-46B9-999A-FDE438F5C3CF}
	EndGlobalSection
EndGlobal
